# This file was autogenerated by Stack.
# You should not edit this file by hand.
# For more information, please see the documentation at:
#   https://docs.haskellstack.org/en/stable/lock_files

snapshots:
- original:
    url: https://raw.githubusercontent.com/commercialhaskell/stackage-snapshots/master/lts/18/11.yaml
  completed:
    sha256: ae30d25a4691c6bb32b5766c617dff24270b2b3576ebd6047d754418e9256389
    url: https://raw.githubusercontent.com/commercialhaskell/stackage-snapshots/master/lts/18/11.yaml
    size: 586041
packages:
- original:
    hackage: containers-0.6.5.1
  completed:
    pantry-tree:
      sha256: 86234e3221f6fa50e82d860a8428005ac3ff19fea92103ff79a3047cd5cd1625
      size: 2823
    hackage: containers-0.6.5.1@sha256:a029734132bb3471f8a91e3deaa095581a97410c405a1c665643053db87d87c1,2596
- original:
    hackage: time-1.9.2
  completed:
    pantry-tree:
      sha256: ae5693aa6175d76bb4ded5a957da79bb3f582310607c254f4b359569216b998b
      size: 6558
    hackage: time-1.9.2@sha256:874e07fb970531b9dcd814f74e00f253ce2f22ccd8272a6c4c137ee9040237fb,5679
- original:
    hackage: split-0.1.2.3
  completed:
    pantry-tree:
      sha256: 930e71f5538abb93584b4220889f73061114a4af4a9bb4a5d305525f0969db78
      size: 425
    hackage: split-0.1.2.3@sha256:2d679f5247d5c6da6bf06b832533bdee15c0b7c6dadb29f0739a46fa63021038,753
